
Microsoft Visual Studio Solution File, Format Version 12.00
# Visual Studio Version 16
VisualStudioVersion = 16.0.29709.97
MinimumVisualStudioVersion = 10.0.40219.1
Project("{9A19103F-16F7-4668-BE54-9A1E7A4F7556}") = "TimetableApp", "TimetableApp\TimetableApp.csproj", "{F6781255-8A19-4E38-828E-4B1DBD01F85A}"
EndProject
Project("{9A19103F-16F7-4668-BE54-9A1E7A4F7556}") = "DAL", "DAL\DAL.csproj", "{58CF798A-8EE1-47F9-B856-6241833F2604}"
EndProject
Project("{FAE04EC0-301F-11D3-BF4B-00C04F79EFBC}") = "BLL", "BLL\BLL.csproj", "{1BCD6940-8E94-41A1-8090-691E55791ACD}"
EndProject
Global
	GlobalSection(SolutionConfigurationPlatforms) = preSolution
		Debug|Any CPU = Debug|Any CPU
		Release|Any CPU = Release|Any CPU
	EndGlobalSection
	GlobalSection(ProjectConfigurationPlatforms) = postSolution
		{F6781255-8A19-4E38-828E-4B1DBD01F85A}.Debug|Any CPU.ActiveCfg = Debug|Any CPU
		{F6781255-8A19-4E38-828E-4B1DBD01F85A}.Debug|Any CPU.Build.0 = Debug|Any CPU
		{F6781255-8A19-4E38-828E-4B1DBD01F85A}.Release|Any CPU.ActiveCfg = Release|Any CPU
		{F6781255-8A19-4E38-828E-4B1DBD01F85A}.Release|Any CPU.Build.0 = Release|Any CPU
		{58CF798A-8EE1-47F9-B856-6241833F2604}.Debug|Any CPU.ActiveCfg = Debug|Any CPU
		{58CF798A-8EE1-47F9-B856-6241833F2604}.Debug|Any CPU.Build.0 = Debug|Any CPU
		{58CF798A-8EE1-47F9-B856-6241833F2604}.Release|Any CPU.ActiveCfg = Release|Any CPU
		{58CF798A-8EE1-47F9-B856-6241833F2604}.Release|Any CPU.Build.0 = Release|Any CPU
		{1BCD6940-8E94-41A1-8090-691E55791ACD}.Debug|Any CPU.ActiveCfg = Debug|Any CPU
		{1BCD6940-8E94-41A1-8090-691E55791ACD}.Debug|Any CPU.Build.0 = Debug|Any CPU
		{1BCD6940-8E94-41A1-8090-691E55791ACD}.Release|Any CPU.ActiveCfg = Release|Any CPU
		{1BCD6940-8E94-41A1-8090-691E55791ACD}.Release|Any CPU.Build.0 = Release|Any CPU
	EndGlobalSection
	GlobalSection(SolutionProperties) = preSolution
		HideSolutionNode = FALSE
	EndGlobalSection
	GlobalSection(ExtensibilityGlobals) = postSolution
		SolutionGuid = {52E08E23-8058-42CD-892E-773A106A5DEF}
	EndGlobalSection
EndGlobal
